
Microsoft Visual Studio Solution File, Format Version 12.00
# Visual Studio 15
VisualStudioVersion = 15.0.27004.2010
MinimumVisualStudioVersion = 10.0.40219.1
Project("{FAE04EC0-301F-11D3-BF4B-00C04F79EFBC}") = "ExcelWebAddIn2", "ExcelWebAddIn2\ExcelWebAddIn2.csproj", "{89053165-FE39-420F-AC10-E29F56542851}"
EndProject
Project("{FAE04EC0-301F-11D3-BF4B-00C04F79EFBC}") = "ExcelWebAddIn2Web", "..\ExcelWebAddIn1\Office-Add-in-ASPNET-SSO-WebAPI\ExcelWebAddIn2Web.csproj", "{FCEBFFAD-8183-4284-82F5-F15465DFAFA8}"
EndProject
Global
	GlobalSection(SolutionConfigurationPlatforms) = preSolution
		Debug|Any CPU = Debug|Any CPU
		Release|Any CPU = Release|Any CPU
	EndGlobalSection
	GlobalSection(ProjectConfigurationPlatforms) = postSolution
		{89053165-FE39-420F-AC10-E29F56542851}.Debug|Any CPU.ActiveCfg = Debug|Any CPU
		{89053165-FE39-420F-AC10-E29F56542851}.Debug|Any CPU.Build.0 = Debug|Any CPU
		{89053165-FE39-420F-AC10-E29F56542851}.Debug|Any CPU.Deploy.0 = Debug|Any CPU
		{89053165-FE39-420F-AC10-E29F56542851}.Release|Any CPU.ActiveCfg = Release|Any CPU
		{89053165-FE39-420F-AC10-E29F56542851}.Release|Any CPU.Build.0 = Release|Any CPU
		{89053165-FE39-420F-AC10-E29F56542851}.Release|Any CPU.Deploy.0 = Release|Any CPU
		{FCEBFFAD-8183-4284-82F5-F15465DFAFA8}.Debug|Any CPU.ActiveCfg = Debug|Any CPU
		{FCEBFFAD-8183-4284-82F5-F15465DFAFA8}.Debug|Any CPU.Build.0 = Debug|Any CPU
		{FCEBFFAD-8183-4284-82F5-F15465DFAFA8}.Release|Any CPU.ActiveCfg = Release|Any CPU
		{FCEBFFAD-8183-4284-82F5-F15465DFAFA8}.Release|Any CPU.Build.0 = Release|Any CPU
	EndGlobalSection
	GlobalSection(SolutionProperties) = preSolution
		HideSolutionNode = FALSE
	EndGlobalSection
	GlobalSection(ExtensibilityGlobals) = postSolution
		SolutionGuid = {D9C8EBD3-6EAC-442E-984D-494889AA3CEA}
	EndGlobalSection
EndGlobal
